
Microsoft Visual Studio Solution File, Format Version 12.00
Project("{FAE04EC0-301F-11D3-BF4B-00C04F79EFBC}") = "BetterRecontamination", "BetterRecontamination\BetterRecontamination.csproj", "{A478F5FB-5619-4B1A-A8A4-E5AFEA3B6341}"
EndProject
Global
	GlobalSection(SolutionConfigurationPlatforms) = preSolution
		Debug|Any CPU = Debug|Any CPU
		Release|Any CPU = Release|Any CPU
	EndGlobalSection
	GlobalSection(ProjectConfigurationPlatforms) = postSolution
		{A478F5FB-5619-4B1A-A8A4-E5AFEA3B6341}.Debug|Any CPU.ActiveCfg = Debug|Any CPU
		{A478F5FB-5619-4B1A-A8A4-E5AFEA3B6341}.Debug|Any CPU.Build.0 = Debug|Any CPU
		{A478F5FB-5619-4B1A-A8A4-E5AFEA3B6341}.Release|Any CPU.ActiveCfg = Release|Any CPU
		{A478F5FB-5619-4B1A-A8A4-E5AFEA3B6341}.Release|Any CPU.Build.0 = Release|Any CPU
	EndGlobalSection
EndGlobal
